{
  "name": "ai-context-engineering-for-qa",
  "version": "1.0.0",
  "lockfileVersion": 3,
  "requires": true,
  "packages": {
    "": {
      "name": "ai-context-engineering-for-qa",
      "version": "1.0.0",
      "devDependencies": {
        "agnix": "^0.16.1"
      }
    },
    "node_modules/agnix": {
      "version": "0.16.1",
      "resolved": "https://registry.npmjs.org/agnix/-/agnix-0.16.1.tgz",
      "integrity": "sha512-hcATK6klePULXDsxgWpCzTn9ppFAKIaXjPOThKd0GbdoSAoPnr3lGliCa2AWWkx8+vkzuiRu42pUXJI/s71mtA==",
      "cpu": [
        "x64",
        "arm64"
      ],
      "dev": true,
      "hasInstallScript": true,
      "license": "MIT OR Apache-2.0",
      "os": [
        "darwin",
        "linux",
        "win32"
      ],
      "bin": {
        "agnix": "bin/agnix"
      },
      "engines": {
        "node": ">=16.0.0"
      }
    }
  }
}
